
Microsoft Visual Studio Solution File, Format Version 12.00
# Visual Studio Version 17
VisualStudioVersion = 17.11.35312.102
MinimumVisualStudioVersion = 10.0.40219.1
Project("{FAE04EC0-301F-11D3-BF4B-00C04F79EFBC}") = "objetos_lineas", "objetos_lineas\objetos_lineas.csproj", "{BF4F5BFC-3790-48CF-8E5A-7227F34A4E31}"
EndProject
Global
	GlobalSection(SolutionConfigurationPlatforms) = preSolution
		Debug|Any CPU = Debug|Any CPU
		Release|Any CPU = Release|Any CPU
	EndGlobalSection
	GlobalSection(ProjectConfigurationPlatforms) = postSolution
		{BF4F5BFC-3790-48CF-8E5A-7227F34A4E31}.Debug|Any CPU.ActiveCfg = Debug|Any CPU
		{BF4F5BFC-3790-48CF-8E5A-7227F34A4E31}.Debug|Any CPU.Build.0 = Debug|Any CPU
		{BF4F5BFC-3790-48CF-8E5A-7227F34A4E31}.Release|Any CPU.ActiveCfg = Release|Any CPU
		{BF4F5BFC-3790-48CF-8E5A-7227F34A4E31}.Release|Any CPU.Build.0 = Release|Any CPU
	EndGlobalSection
	GlobalSection(SolutionProperties) = preSolution
		HideSolutionNode = FALSE
	EndGlobalSection
	GlobalSection(ExtensibilityGlobals) = postSolution
		SolutionGuid = {887A1A21-40D4-4833-B322-197756DFEFFA}
	EndGlobalSection
EndGlobal
